{
  "name": "typeprops",
  "version": "0.1.0",
  "lockfileVersion": 1,
  "requires": true,
  "dependencies": {
    "typescript": {
      "version": "2.9.0-dev.20180427",
      "resolved": "https://registry.npmjs.org/typescript/-/typescript-2.9.0-dev.20180427.tgz",
      "integrity": "sha512-3PRIPuRUYzlyPXye+VyFBk6+d7+sDKuA1noGRr1BZcQiHfy2d7P9SmJVRM7PnmEYVRZi3ZB8VXn6bcYP8P3t9w==",
      "dev": true
    }
  }
}
